
Microsoft Visual Studio Solution File, Format Version 12.00
# Visual Studio 15
VisualStudioVersion = 15.0.28307.539
MinimumVisualStudioVersion = 10.0.40219.1
Project("{E24C65DC-7377-472B-9ABA-BC803B73C61A}") = "WebSite", "WebSite\", "{51D8501A-842D-40A0-B3FE-EB9DC540B3D6}"
	ProjectSection(WebsiteProperties) = preProject
		TargetFrameworkMoniker = ".NETFramework,Version%3Dv4.6.1"
		ProjectReferences = "{06721854-ee1e-498a-83f9-a6851f461a9e}|EntityModeloBD.dll;"
		Debug.AspNetCompiler.VirtualPath = "/localhost_50027"
		Debug.AspNetCompiler.PhysicalPath = "WebSite\"
		Debug.AspNetCompiler.TargetPath = "PrecompiledWeb\localhost_50027\"
		Debug.AspNetCompiler.Updateable = "true"
		Debug.AspNetCompiler.ForceOverwrite = "true"
		Debug.AspNetCompiler.FixedNames = "false"
		Debug.AspNetCompiler.Debug = "True"
		Release.AspNetCompiler.VirtualPath = "/localhost_50027"
		Release.AspNetCompiler.PhysicalPath = "WebSite\"
		Release.AspNetCompiler.TargetPath = "PrecompiledWeb\localhost_50027\"
		Release.AspNetCompiler.Updateable = "true"
		Release.AspNetCompiler.ForceOverwrite = "true"
		Release.AspNetCompiler.FixedNames = "false"
		Release.AspNetCompiler.Debug = "False"
		VWDPort = "50027"
		SlnRelativePath = "WebSite\"
		DefaultWebSiteLanguage = "Visual C#"
	EndProjectSection
EndProject
Project("{FAE04EC0-301F-11D3-BF4B-00C04F79EFBC}") = "EntityModeloBD", "EntityModeloBD\EntityModeloBD.csproj", "{06721854-EE1E-498A-83F9-A6851F461A9E}"
EndProject
Global
	GlobalSection(SolutionConfigurationPlatforms) = preSolution
		Debug|Any CPU = Debug|Any CPU
		Release|Any CPU = Release|Any CPU
	EndGlobalSection
	GlobalSection(ProjectConfigurationPlatforms) = postSolution
		{51D8501A-842D-40A0-B3FE-EB9DC540B3D6}.Debug|Any CPU.ActiveCfg = Debug|Any CPU
		{51D8501A-842D-40A0-B3FE-EB9DC540B3D6}.Debug|Any CPU.Build.0 = Debug|Any CPU
		{51D8501A-842D-40A0-B3FE-EB9DC540B3D6}.Release|Any CPU.ActiveCfg = Debug|Any CPU
		{51D8501A-842D-40A0-B3FE-EB9DC540B3D6}.Release|Any CPU.Build.0 = Debug|Any CPU
		{06721854-EE1E-498A-83F9-A6851F461A9E}.Debug|Any CPU.ActiveCfg = Debug|Any CPU
		{06721854-EE1E-498A-83F9-A6851F461A9E}.Debug|Any CPU.Build.0 = Debug|Any CPU
		{06721854-EE1E-498A-83F9-A6851F461A9E}.Release|Any CPU.ActiveCfg = Release|Any CPU
		{06721854-EE1E-498A-83F9-A6851F461A9E}.Release|Any CPU.Build.0 = Release|Any CPU
	EndGlobalSection
	GlobalSection(SolutionProperties) = preSolution
		HideSolutionNode = FALSE
	EndGlobalSection
	GlobalSection(ExtensibilityGlobals) = postSolution
		SolutionGuid = {F150FF16-114E-4988-948B-7B7D34285BDB}
	EndGlobalSection
EndGlobal
